
Microsoft Visual Studio Solution File, Format Version 11.00
# Visual Studio 2010
Project("{FAE04EC0-301F-11D3-BF4B-00C04F79EFBC}") = "Assembly-CSharp", "Assembly-CSharp.csproj", "{6E7D5751-4A93-2326-4ADB-ACF9F0E6A731}"
EndProject
Project("{FAE04EC0-301F-11D3-BF4B-00C04F79EFBC}") = "Assembly-CSharp-firstpass", "Assembly-CSharp-firstpass.csproj", "{71D82326-4B17-4D59-ABBB-D151E27DCD8B}"
EndProject
Global
	GlobalSection(SolutionConfigurationPlatforms) = preSolution
		Debug|Any CPU = Debug|Any CPU
		Release|Any CPU = Release|Any CPU
	EndGlobalSection
	GlobalSection(ProjectConfigurationPlatforms) = postSolution
		{6E7D5751-4A93-2326-4ADB-ACF9F0E6A731}.Debug|Any CPU.ActiveCfg = Debug|Any CPU
		{6E7D5751-4A93-2326-4ADB-ACF9F0E6A731}.Debug|Any CPU.Build.0 = Debug|Any CPU
		{6E7D5751-4A93-2326-4ADB-ACF9F0E6A731}.Release|Any CPU.ActiveCfg = Release|Any CPU
		{6E7D5751-4A93-2326-4ADB-ACF9F0E6A731}.Release|Any CPU.Build.0 = Release|Any CPU
		{71D82326-4B17-4D59-ABBB-D151E27DCD8B}.Debug|Any CPU.ActiveCfg = Debug|Any CPU
		{71D82326-4B17-4D59-ABBB-D151E27DCD8B}.Debug|Any CPU.Build.0 = Debug|Any CPU
		{71D82326-4B17-4D59-ABBB-D151E27DCD8B}.Release|Any CPU.ActiveCfg = Release|Any CPU
		{71D82326-4B17-4D59-ABBB-D151E27DCD8B}.Release|Any CPU.Build.0 = Release|Any CPU
	EndGlobalSection
	GlobalSection(SolutionProperties) = preSolution
		HideSolutionNode = FALSE
	EndGlobalSection
EndGlobal
